
Microsoft Visual Studio Solution File, Format Version 11.00
# Visual Studio 2010
Project("{FAE04EC0-301F-11D3-BF4B-00C04F79EFBC}") = "Iterative_Greens_Function", "Iterative_Greens_Function\Iterative_Greens_Function.csproj", "{1E729227-083F-4393-A9BF-8781E656E84A}"
EndProject
Project("{2150E333-8FDC-42A3-9474-1A3956D46DE8}") = "Crispin's Code", "Crispin's Code", "{C582A808-37AB-4A23-800F-53E1AD50675A}"
	ProjectSection(SolutionItems) = preProject
	EndProjectSection
EndProject
Project("{FAE04EC0-301F-11D3-BF4B-00C04F79EFBC}") = "TwoD_ThomasFermiPoisson", "TwoD_ThomasFermiPoisson\TwoD_ThomasFermiPoisson.csproj", "{E8F5B43E-FEC4-40B5-B1F2-C91A7249EC43}"
EndProject
Project("{FAE04EC0-301F-11D3-BF4B-00C04F79EFBC}") = "OneD_ThomasFermiPoisson", "OneD_ThomasFermiPoisson\OneD_ThomasFermiPoisson.csproj", "{B8D898B4-4AE2-4D60-9F7F-85BD75594640}"
EndProject
Project("{FAE04EC0-301F-11D3-BF4B-00C04F79EFBC}") = "Solver_Bases", "Solver_Bases\Solver_Bases.csproj", "{E50D4360-27F2-442C-AD4D-4D267C273CBE}"
EndProject
Global
	GlobalSection(SolutionConfigurationPlatforms) = preSolution
		Debug|Any CPU = Debug|Any CPU
		Debug|x64 = Debug|x64
		Release|Any CPU = Release|Any CPU
		Release|x64 = Release|x64
	EndGlobalSection
	GlobalSection(ProjectConfigurationPlatforms) = postSolution
		{1E729227-083F-4393-A9BF-8781E656E84A}.Debug|Any CPU.ActiveCfg = Debug|x64
		{1E729227-083F-4393-A9BF-8781E656E84A}.Debug|x64.ActiveCfg = Debug|x64
		{1E729227-083F-4393-A9BF-8781E656E84A}.Debug|x64.Build.0 = Debug|x64
		{1E729227-083F-4393-A9BF-8781E656E84A}.Release|Any CPU.ActiveCfg = Release|x64
		{1E729227-083F-4393-A9BF-8781E656E84A}.Release|x64.ActiveCfg = Release|x64
		{1E729227-083F-4393-A9BF-8781E656E84A}.Release|x64.Build.0 = Release|x64
		{E8F5B43E-FEC4-40B5-B1F2-C91A7249EC43}.Debug|Any CPU.ActiveCfg = Debug|x64
		{E8F5B43E-FEC4-40B5-B1F2-C91A7249EC43}.Debug|x64.ActiveCfg = Debug|x64
		{E8F5B43E-FEC4-40B5-B1F2-C91A7249EC43}.Debug|x64.Build.0 = Debug|x64
		{E8F5B43E-FEC4-40B5-B1F2-C91A7249EC43}.Release|Any CPU.ActiveCfg = Release|x64
		{E8F5B43E-FEC4-40B5-B1F2-C91A7249EC43}.Release|x64.ActiveCfg = Release|x64
		{E8F5B43E-FEC4-40B5-B1F2-C91A7249EC43}.Release|x64.Build.0 = Release|x64
		{B8D898B4-4AE2-4D60-9F7F-85BD75594640}.Debug|Any CPU.ActiveCfg = Debug|x64
		{B8D898B4-4AE2-4D60-9F7F-85BD75594640}.Debug|x64.ActiveCfg = Debug|x64
		{B8D898B4-4AE2-4D60-9F7F-85BD75594640}.Debug|x64.Build.0 = Debug|x64
		{B8D898B4-4AE2-4D60-9F7F-85BD75594640}.Release|Any CPU.ActiveCfg = Release|x64
		{B8D898B4-4AE2-4D60-9F7F-85BD75594640}.Release|x64.ActiveCfg = Release|x64
		{B8D898B4-4AE2-4D60-9F7F-85BD75594640}.Release|x64.Build.0 = Release|x64
		{E50D4360-27F2-442C-AD4D-4D267C273CBE}.Debug|Any CPU.ActiveCfg = Debug|x64
		{E50D4360-27F2-442C-AD4D-4D267C273CBE}.Debug|x64.ActiveCfg = Debug|x64
		{E50D4360-27F2-442C-AD4D-4D267C273CBE}.Debug|x64.Build.0 = Debug|x64
		{E50D4360-27F2-442C-AD4D-4D267C273CBE}.Release|Any CPU.ActiveCfg = Release|x64
		{E50D4360-27F2-442C-AD4D-4D267C273CBE}.Release|x64.ActiveCfg = Release|x64
		{E50D4360-27F2-442C-AD4D-4D267C273CBE}.Release|x64.Build.0 = Release|x64
	EndGlobalSection
	GlobalSection(SolutionProperties) = preSolution
		HideSolutionNode = FALSE
	EndGlobalSection
EndGlobal
